
Microsoft Visual Studio Solution File, Format Version 12.00
# Visual Studio 15
VisualStudioVersion = 15.0.27130.2010
MinimumVisualStudioVersion = 10.0.40219.1
Project("{FAE04EC0-301F-11D3-BF4B-00C04F79EFBC}") = "DXVisualTestFixer", "DXVisualTestFixer\DXVisualTestFixer.csproj", "{7BA74650-A045-4FA3-A1F9-2D7FBAD50A4F}"
EndProject
Global
	GlobalSection(SolutionConfigurationPlatforms) = preSolution
		Debug|Any CPU = Debug|Any CPU
		Release|Any CPU = Release|Any CPU
	EndGlobalSection
	GlobalSection(ProjectConfigurationPlatforms) = postSolution
		{7BA74650-A045-4FA3-A1F9-2D7FBAD50A4F}.Debug|Any CPU.ActiveCfg = Debug|Any CPU
		{7BA74650-A045-4FA3-A1F9-2D7FBAD50A4F}.Debug|Any CPU.Build.0 = Debug|Any CPU
		{7BA74650-A045-4FA3-A1F9-2D7FBAD50A4F}.Release|Any CPU.ActiveCfg = Release|Any CPU
		{7BA74650-A045-4FA3-A1F9-2D7FBAD50A4F}.Release|Any CPU.Build.0 = Release|Any CPU
	EndGlobalSection
	GlobalSection(SolutionProperties) = preSolution
		HideSolutionNode = FALSE
	EndGlobalSection
	GlobalSection(ExtensibilityGlobals) = postSolution
		SolutionGuid = {EEF620A5-C00C-4DA7-B2F5-DBD1E859E2F8}
	EndGlobalSection
EndGlobal
