
Microsoft Visual Studio Solution File, Format Version 12.00
# Visual Studio 15
VisualStudioVersion = 15.0.27130.2010
MinimumVisualStudioVersion = 10.0.40219.1
Project("{FAE04EC0-301F-11D3-BF4B-00C04F79EFBC}") = "DXVisualTestFixer", "DXVisualTestFixer\DXVisualTestFixer.csproj", "{7BA74650-A045-4FA3-A1F9-2D7FBAD50A4F}"
	ProjectSection(ProjectDependencies) = postProject
		{6E5E8BC1-A7A3-4DED-AD5E-4C8A09870875} = {6E5E8BC1-A7A3-4DED-AD5E-4C8A09870875}
		{A3D50801-F65F-4201-8AEE-7254DAE4732F} = {A3D50801-F65F-4201-8AEE-7254DAE4732F}
	EndProjectSection
EndProject
Project("{FAE04EC0-301F-11D3-BF4B-00C04F79EFBC}") = "DXVisualTestFixer.Core", "DXVisualTestFixer.Core\DXVisualTestFixer.Core.csproj", "{A3D50801-F65F-4201-8AEE-7254DAE4732F}"
	ProjectSection(ProjectDependencies) = postProject
		{BCEC7D6C-B798-4DC7-A803-EBC75B0EFBBD} = {BCEC7D6C-B798-4DC7-A803-EBC75B0EFBBD}
	EndProjectSection
EndProject
Project("{FAE04EC0-301F-11D3-BF4B-00C04F79EFBC}") = "DXVisualTestFixer.UI", "DXVisualTestFixer.UI\DXVisualTestFixer.UI.csproj", "{6E5E8BC1-A7A3-4DED-AD5E-4C8A09870875}"
	ProjectSection(ProjectDependencies) = postProject
		{BCEC7D6C-B798-4DC7-A803-EBC75B0EFBBD} = {BCEC7D6C-B798-4DC7-A803-EBC75B0EFBBD}
	EndProjectSection
EndProject
Project("{FAE04EC0-301F-11D3-BF4B-00C04F79EFBC}") = "DXVisualTestFixer.Common", "DXVisualTestFixer.Common\DXVisualTestFixer.Common.csproj", "{BCEC7D6C-B798-4DC7-A803-EBC75B0EFBBD}"
EndProject
Project("{FAE04EC0-301F-11D3-BF4B-00C04F79EFBC}") = "DXVisualTestFixer.Minio", "DXVisualTestFixer.Minio\DXVisualTestFixer.Minio.csproj", "{D4A8E594-2F8C-4ACF-9D26-226F2CDCCD4A}"
EndProject
Project("{FAE04EC0-301F-11D3-BF4B-00C04F79EFBC}") = "DXVisualTestFixer.Git", "DXVisualTestFixer.Git\DXVisualTestFixer.Git.csproj", "{BA984EE7-BC1B-4FE2-9EC4-B8B8BB2A7617}"
EndProject
Global
	GlobalSection(SolutionConfigurationPlatforms) = preSolution
		Debug|Any CPU = Debug|Any CPU
		DebugPublish|Any CPU = DebugPublish|Any CPU
		Release|Any CPU = Release|Any CPU
	EndGlobalSection
	GlobalSection(ProjectConfigurationPlatforms) = postSolution
		{7BA74650-A045-4FA3-A1F9-2D7FBAD50A4F}.Debug|Any CPU.ActiveCfg = Debug|Any CPU
		{7BA74650-A045-4FA3-A1F9-2D7FBAD50A4F}.Debug|Any CPU.Build.0 = Debug|Any CPU
		{7BA74650-A045-4FA3-A1F9-2D7FBAD50A4F}.DebugPublish|Any CPU.ActiveCfg = DebugPublish|Any CPU
		{7BA74650-A045-4FA3-A1F9-2D7FBAD50A4F}.DebugPublish|Any CPU.Build.0 = DebugPublish|Any CPU
		{7BA74650-A045-4FA3-A1F9-2D7FBAD50A4F}.Release|Any CPU.ActiveCfg = Release|Any CPU
		{7BA74650-A045-4FA3-A1F9-2D7FBAD50A4F}.Release|Any CPU.Build.0 = Release|Any CPU
		{A3D50801-F65F-4201-8AEE-7254DAE4732F}.Debug|Any CPU.ActiveCfg = Debug|Any CPU
		{A3D50801-F65F-4201-8AEE-7254DAE4732F}.Debug|Any CPU.Build.0 = Debug|Any CPU
		{A3D50801-F65F-4201-8AEE-7254DAE4732F}.DebugPublish|Any CPU.ActiveCfg = DebugPublish|Any CPU
		{A3D50801-F65F-4201-8AEE-7254DAE4732F}.DebugPublish|Any CPU.Build.0 = DebugPublish|Any CPU
		{A3D50801-F65F-4201-8AEE-7254DAE4732F}.Release|Any CPU.ActiveCfg = Release|Any CPU
		{A3D50801-F65F-4201-8AEE-7254DAE4732F}.Release|Any CPU.Build.0 = Release|Any CPU
		{6E5E8BC1-A7A3-4DED-AD5E-4C8A09870875}.Debug|Any CPU.ActiveCfg = Debug|Any CPU
		{6E5E8BC1-A7A3-4DED-AD5E-4C8A09870875}.Debug|Any CPU.Build.0 = Debug|Any CPU
		{6E5E8BC1-A7A3-4DED-AD5E-4C8A09870875}.DebugPublish|Any CPU.ActiveCfg = DebugPublish|Any CPU
		{6E5E8BC1-A7A3-4DED-AD5E-4C8A09870875}.DebugPublish|Any CPU.Build.0 = DebugPublish|Any CPU
		{6E5E8BC1-A7A3-4DED-AD5E-4C8A09870875}.Release|Any CPU.ActiveCfg = Release|Any CPU
		{6E5E8BC1-A7A3-4DED-AD5E-4C8A09870875}.Release|Any CPU.Build.0 = Release|Any CPU
		{BCEC7D6C-B798-4DC7-A803-EBC75B0EFBBD}.Debug|Any CPU.ActiveCfg = Debug|Any CPU
		{BCEC7D6C-B798-4DC7-A803-EBC75B0EFBBD}.Debug|Any CPU.Build.0 = Debug|Any CPU
		{BCEC7D6C-B798-4DC7-A803-EBC75B0EFBBD}.DebugPublish|Any CPU.ActiveCfg = DebugPublish|Any CPU
		{BCEC7D6C-B798-4DC7-A803-EBC75B0EFBBD}.DebugPublish|Any CPU.Build.0 = DebugPublish|Any CPU
		{BCEC7D6C-B798-4DC7-A803-EBC75B0EFBBD}.Release|Any CPU.ActiveCfg = Release|Any CPU
		{BCEC7D6C-B798-4DC7-A803-EBC75B0EFBBD}.Release|Any CPU.Build.0 = Release|Any CPU
		{D4A8E594-2F8C-4ACF-9D26-226F2CDCCD4A}.Debug|Any CPU.ActiveCfg = Debug|Any CPU
		{D4A8E594-2F8C-4ACF-9D26-226F2CDCCD4A}.Debug|Any CPU.Build.0 = Debug|Any CPU
		{D4A8E594-2F8C-4ACF-9D26-226F2CDCCD4A}.Release|Any CPU.ActiveCfg = Release|Any CPU
		{D4A8E594-2F8C-4ACF-9D26-226F2CDCCD4A}.Release|Any CPU.Build.0 = Release|Any CPU
		{D4A8E594-2F8C-4ACF-9D26-226F2CDCCD4A}.DebugPublish|Any CPU.ActiveCfg = DebugPublish|Any CPU
		{D4A8E594-2F8C-4ACF-9D26-226F2CDCCD4A}.DebugPublish|Any CPU.Build.0 = DebugPublish|Any CPU
		{BA984EE7-BC1B-4FE2-9EC4-B8B8BB2A7617}.Debug|Any CPU.ActiveCfg = Debug|Any CPU
		{BA984EE7-BC1B-4FE2-9EC4-B8B8BB2A7617}.Debug|Any CPU.Build.0 = Debug|Any CPU
		{BA984EE7-BC1B-4FE2-9EC4-B8B8BB2A7617}.Release|Any CPU.ActiveCfg = Release|Any CPU
		{BA984EE7-BC1B-4FE2-9EC4-B8B8BB2A7617}.Release|Any CPU.Build.0 = Release|Any CPU
		{BA984EE7-BC1B-4FE2-9EC4-B8B8BB2A7617}.DebugPublish|Any CPU.ActiveCfg = DebugPublish|Any CPU
		{BA984EE7-BC1B-4FE2-9EC4-B8B8BB2A7617}.DebugPublish|Any CPU.Build.0 = DebugPublish|Any CPU
	EndGlobalSection
	GlobalSection(SolutionProperties) = preSolution
		HideSolutionNode = FALSE
	EndGlobalSection
	GlobalSection(ExtensibilityGlobals) = postSolution
		SolutionGuid = {EEF620A5-C00C-4DA7-B2F5-DBD1E859E2F8}
	EndGlobalSection
EndGlobal
